PODS:
  - AFNetworking (2.2.3):
    - AFNetworking/NSURLConnection
    - AFNetworking/NSURLSession
    - AFNetworking/Reachability
    - AFNetworking/Security
    - AFNetworking/Serialization
    - AFNetworking/UIKit
  - AFNetworking/NSURLConnection (2.2.3):
    - AFNetworking/Reachability
    - AFNetworking/Security
    - AFNetworking/Serialization
  - AFNetworking/NSURLSession (2.2.3):
    - AFNetworking/NSURLConnection
  - AFNetworking/Reachability (2.2.3)
  - AFNetworking/Security (2.2.3)
  - AFNetworking/Serialization (2.2.3)
  - AFNetworking/UIKit (2.2.3):
    - AFNetworking/NSURLConnection
    - AFNetworking/NSURLSession
  - CCLRequestReplay (0.9.0):
    - CCLRequestReplay/Blueprint
    - CCLRequestReplay/JSON
    - CCLRequestReplay/Manager
    - CCLRequestReplay/Record
    - CCLRequestReplay/Replay
  - CCLRequestReplay/Blueprint (0.9.0)
  - CCLRequestReplay/JSON (0.9.0)
  - CCLRequestReplay/Manager (0.9.0)
  - CCLRequestReplay/Record (0.9.0)
  - CCLRequestReplay/Replay (0.9.0)
  - ContentfulDeliveryAPI (1.4.4):
    - AFNetworking
    - HRCoder
    - ISO8601DateFormatter
  - FBSnapshotTestCase (HEAD based on 1.1)
  - HRCoder (1.3.1)
  - ISO8601DateFormatter (0.7)
  - OCMock (2.2.4)
  - PDKTCollectionViewWaterfallLayout (0.1)
  - VCRURLConnection (0.2.0)

DEPENDENCIES:
  - AFNetworking
  - CCLRequestReplay (from `https://github.com/neonichu/CCLRequestReplay.git`)
  - ContentfulDeliveryAPI (from `.`)
  - FBSnapshotTestCase (HEAD)
  - HRCoder
  - ISO8601DateFormatter
  - OCMock
  - PDKTCollectionViewWaterfallLayout
  - VCRURLConnection

EXTERNAL SOURCES:
  CCLRequestReplay:
    :git: https://github.com/neonichu/CCLRequestReplay.git
  ContentfulDeliveryAPI:
    :path: .

SPEC CHECKSUMS:
  AFNetworking: 47947303319594706f48a55185ea95a95159ab94
  CCLRequestReplay: 53ac44276845cd49bddc0050e7e8f76b8a028ea4
  ContentfulDeliveryAPI: 8c7f5d412e6a2f9a7a60c4c8b442308225b652c5
  FBSnapshotTestCase: 9053afee1d66b4c7c313fcb0ae582a5e47bea9d0
  HRCoder: 0952826ddf4213a11be775d01446f61a5df987a4
  ISO8601DateFormatter: 59731cd880cf87e71b4fa95f0d6b713dcbc4cbce
  OCMock: 6db79185520e24f9f299548f2b8b07e41d881bd5
  PDKTCollectionViewWaterfallLayout: cdde9e714973c9de67f078ba495b9d9e6812082d
  VCRURLConnection: ad8bfbd376ad44a7f5c48358f3ee96a40d4e683e

COCOAPODS: 0.34.1
