PODS:
  - AFNetworking (2.2.2):
    - AFNetworking/NSURLConnection
    - AFNetworking/NSURLSession
    - AFNetworking/Reachability
    - AFNetworking/Security
    - AFNetworking/Serialization
    - AFNetworking/UIKit
  - AFNetworking/NSURLConnection (2.2.2):
    - AFNetworking/Reachability
    - AFNetworking/Security
    - AFNetworking/Serialization
  - AFNetworking/NSURLSession (2.2.2):
    - AFNetworking/NSURLConnection
  - AFNetworking/Reachability (2.2.2)
  - AFNetworking/Security (2.2.2)
  - AFNetworking/Serialization (2.2.2)
  - AFNetworking/UIKit (2.2.2):
    - AFNetworking/NSURLConnection
    - AFNetworking/NSURLSession
  - Bypass (1.0.1)
  - ContentfulDeliveryAPI (0.8.0):
    - AFNetworking
    - ISO8601DateFormatter
  - FBSnapshotTestCase (1.1)
  - ISO8601DateFormatter (0.7)
  - OCMock (2.2.4)
  - OHHTTPStubs (3.1.0)
  - PDKTCollectionViewWaterfallLayout (0.1)
  - VCRURLConnection (0.2.0)

DEPENDENCIES:
  - AFNetworking
  - Bypass
  - ContentfulDeliveryAPI (from `.`)
  - FBSnapshotTestCase
  - ISO8601DateFormatter
  - OCMock
  - OHHTTPStubs
  - PDKTCollectionViewWaterfallLayout
  - VCRURLConnection

EXTERNAL SOURCES:
  ContentfulDeliveryAPI:
    :path: .

SPEC CHECKSUMS:
  AFNetworking: dd8c1868e57451e3d17ebd3516f2a8c16f9646fe
  Bypass: efb9619af979aab0b1a0f3bce650790ce189c5f4
  ContentfulDeliveryAPI: 10b16e120cb3232dfd16beb9fdcc2a7449c10044
  FBSnapshotTestCase: 188c80bfcb72e744eb0b99d45989d12687c40cf8
  ISO8601DateFormatter: 00944e437ea647f4244454ce8809d313861d08de
  OCMock: 5008fae4b4789b8fc3e48cd7660f2eb5ef8ce89e
  OHHTTPStubs: d67c42c0212f0883ddb8592375aa0dc00dc50a36
  PDKTCollectionViewWaterfallLayout: be8dd399763b9b925aa78dff0f788e0221e72c54
  VCRURLConnection: 7c5471d671641dbd0f1b46903ebeb4b88caae04c

COCOAPODS: 0.32.1
