// !$*UTF8*$!
{
	archiveVersion = 1;
	classes = {
	};
	objectVersion = 46;
	objects = {

/* Begin PBXBuildFile section */
		ED0210991F6FC73100B97BC2 /* main.m in Sources */ = {isa = PBXBuildFile; fileRef = ED0210981F6FC73100B97BC2 /* main.m */; };
		ED0FC0FC1F6FF10600ED2E80 /* Asset.m in Sources */ = {isa = PBXBuildFile; fileRef = ED0FC0F51F6FF10600ED2E80 /* Asset.m */; };
		ED0FC0FD1F6FF10600ED2E80 /* Document.m in Sources */ = {isa = PBXBuildFile; fileRef = ED0FC0F71F6FF10600ED2E80 /* Document.m */; };
		ED0FC0FE1F6FF10600ED2E80 /* Doge.xcdatamodeld in Sources */ = {isa = PBXBuildFile; fileRef = ED0FC0F81F6FF10600ED2E80 /* Doge.xcdatamodeld */; };
		ED0FC0FF1F6FF10600ED2E80 /* SyncInfo.m in Sources */ = {isa = PBXBuildFile; fileRef = ED0FC0FB1F6FF10600ED2E80 /* SyncInfo.m */; };
		ED0FC13C1F7000B700ED2E80 /* CoreDataManager+SeedDB.m in Sources */ = {isa = PBXBuildFile; fileRef = ED0FC13B1F7000B700ED2E80 /* CoreDataManager+SeedDB.m */; };
		FBDEBE6CE8241137BB96460B /* libPods-ContentfulSeedDatabase.a in Frameworks */ = {isa = PBXBuildFile; fileRef = 883839E1A012DD95DDBC49F7 /* libPods-ContentfulSeedDatabase.a */; };
/* End PBXBuildFile section */

/* Begin PBXCopyFilesBuildPhase section */
		ED0210931F6FC73100B97BC2 /* CopyFiles */ = {
			isa = PBXCopyFilesBuildPhase;
			buildActionMask = 2147483647;
			dstPath = /usr/share/man/man1/;
			dstSubfolderSpec = 0;
			files = (
			);
			runOnlyForDeploymentPostprocessing = 1;
		};
/* End PBXCopyFilesBuildPhase section */

/* Begin PBXFileReference section */
		5E6ADF7BFD280555C50B1866 /* Pods-ContentfulSeedDatabase.release.xcconfig */ = {isa = PBXFileReference; includeInIndex = 1; lastKnownFileType = text.xcconfig; name = "Pods-ContentfulSeedDatabase.release.xcconfig"; path = "Pods/Target Support Files/Pods-ContentfulSeedDatabase/Pods-ContentfulSeedDatabase.release.xcconfig"; sourceTree = "<group>"; };
		883839E1A012DD95DDBC49F7 /* libPods-ContentfulSeedDatabase.a */ = {isa = PBXFileReference; explicitFileType = archive.ar; includeInIndex = 0; path = "libPods-ContentfulSeedDatabase.a"; sourceTree = BUILT_PRODUCTS_DIR; };
		8AAD5537C3254F117AF57F76 /* Pods-ContentfulSeedDatabase.debug.xcconfig */ = {isa = PBXFileReference; includeInIndex = 1; lastKnownFileType = text.xcconfig; name = "Pods-ContentfulSeedDatabase.debug.xcconfig"; path = "Pods/Target Support Files/Pods-ContentfulSeedDatabase/Pods-ContentfulSeedDatabase.debug.xcconfig"; sourceTree = "<group>"; };
		ED0210951F6FC73100B97BC2 /* ContentfulSeedDatabase */ = {isa = PBXFileReference; explicitFileType = "compiled.mach-o.executable"; includeInIndex = 0; path = ContentfulSeedDatabase; sourceTree = BUILT_PRODUCTS_DIR; };
		ED0210981F6FC73100B97BC2 /* main.m */ = {isa = PBXFileReference; lastKnownFileType = sourcecode.c.objc; path = main.m; sourceTree = "<group>"; };
		ED0FC0BF1F6FC9ED00ED2E80 /* ContentfulSeedDatabase-Prefix.pch */ = {isa = PBXFileReference; fileEncoding = 4; lastKnownFileType = sourcecode.c.h; path = "ContentfulSeedDatabase-Prefix.pch"; sourceTree = "<group>"; };
		ED0FC0F41F6FF10600ED2E80 /* Asset.h */ = {isa = PBXFileReference; fileEncoding = 4; lastKnownFileType = sourcecode.c.h; path = Asset.h; sourceTree = "<group>"; };
		ED0FC0F51F6FF10600ED2E80 /* Asset.m */ = {isa = PBXFileReference; fileEncoding = 4; lastKnownFileType = sourcecode.c.objc; path = Asset.m; sourceTree = "<group>"; };
		ED0FC0F61F6FF10600ED2E80 /* Document.h */ = {isa = PBXFileReference; fileEncoding = 4; lastKnownFileType = sourcecode.c.h; path = Document.h; sourceTree = "<group>"; };
		ED0FC0F71F6FF10600ED2E80 /* Document.m */ = {isa = PBXFileReference; fileEncoding = 4; lastKnownFileType = sourcecode.c.objc; path = Document.m; sourceTree = "<group>"; };
		ED0FC0F91F6FF10600ED2E80 /* Doge.xcdatamodel */ = {isa = PBXFileReference; lastKnownFileType = wrapper.xcdatamodel; path = Doge.xcdatamodel; sourceTree = "<group>"; };
		ED0FC0FA1F6FF10600ED2E80 /* SyncInfo.h */ = {isa = PBXFileReference; fileEncoding = 4; lastKnownFileType = sourcecode.c.h; path = SyncInfo.h; sourceTree = "<group>"; };
		ED0FC0FB1F6FF10600ED2E80 /* SyncInfo.m */ = {isa = PBXFileReference; fileEncoding = 4; lastKnownFileType = sourcecode.c.objc; path = SyncInfo.m; sourceTree = "<group>"; };
		ED0FC13A1F7000B700ED2E80 /* CoreDataManager+SeedDB.h */ = {isa = PBXFileReference; fileEncoding = 4; lastKnownFileType = sourcecode.c.h; name = "CoreDataManager+SeedDB.h"; path = "../CoreDataManager+SeedDB.h"; sourceTree = "<group>"; };
		ED0FC13B1F7000B700ED2E80 /* CoreDataManager+SeedDB.m */ = {isa = PBXFileReference; fileEncoding = 4; lastKnownFileType = sourcecode.c.objc; name = "CoreDataManager+SeedDB.m"; path = "../CoreDataManager+SeedDB.m"; sourceTree = "<group>"; };
/* End PBXFileReference section */

/* Begin PBXFrameworksBuildPhase section */
		ED0210921F6FC73100B97BC2 /* Frameworks */ = {
			isa = PBXFrameworksBuildPhase;
			buildActionMask = 2147483647;
			files = (
				FBDEBE6CE8241137BB96460B /* libPods-ContentfulSeedDatabase.a in Frameworks */,
			);
			runOnlyForDeploymentPostprocessing = 0;
		};
/* End PBXFrameworksBuildPhase section */

/* Begin PBXGroup section */
		A7119378A3971FD5169A90D9 /* Frameworks */ = {
			isa = PBXGroup;
			children = (
				883839E1A012DD95DDBC49F7 /* libPods-ContentfulSeedDatabase.a */,
			);
			name = Frameworks;
			sourceTree = "<group>";
		};
		AF5F8651EDCE8C90E50A9A8B /* Pods */ = {
			isa = PBXGroup;
			children = (
				8AAD5537C3254F117AF57F76 /* Pods-ContentfulSeedDatabase.debug.xcconfig */,
				5E6ADF7BFD280555C50B1866 /* Pods-ContentfulSeedDatabase.release.xcconfig */,
			);
			name = Pods;
			sourceTree = "<group>";
		};
		ED02108C1F6FC73100B97BC2 = {
			isa = PBXGroup;
			children = (
				ED0FC13A1F7000B700ED2E80 /* CoreDataManager+SeedDB.h */,
				ED0FC13B1F7000B700ED2E80 /* CoreDataManager+SeedDB.m */,
				ED0210971F6FC73100B97BC2 /* ContentfulSeedDatabase */,
				ED0FC0F31F6FF0DE00ED2E80 /* ManagedObjectModel */,
				ED0210961F6FC73100B97BC2 /* Products */,
				AF5F8651EDCE8C90E50A9A8B /* Pods */,
				A7119378A3971FD5169A90D9 /* Frameworks */,
			);
			sourceTree = "<group>";
		};
		ED0210961F6FC73100B97BC2 /* Products */ = {
			isa = PBXGroup;
			children = (
				ED0210951F6FC73100B97BC2 /* ContentfulSeedDatabase */,
			);
			name = Products;
			sourceTree = "<group>";
		};
		ED0210971F6FC73100B97BC2 /* ContentfulSeedDatabase */ = {
			isa = PBXGroup;
			children = (
				ED0FC0BF1F6FC9ED00ED2E80 /* ContentfulSeedDatabase-Prefix.pch */,
				ED0210981F6FC73100B97BC2 /* main.m */,
			);
			path = ContentfulSeedDatabase;
			sourceTree = "<group>";
		};
		ED0FC0F31F6FF0DE00ED2E80 /* ManagedObjectModel */ = {
			isa = PBXGroup;
			children = (
				ED0FC0F41F6FF10600ED2E80 /* Asset.h */,
				ED0FC0F51F6FF10600ED2E80 /* Asset.m */,
				ED0FC0F61F6FF10600ED2E80 /* Document.h */,
				ED0FC0F71F6FF10600ED2E80 /* Document.m */,
				ED0FC0F81F6FF10600ED2E80 /* Doge.xcdatamodeld */,
				ED0FC0FA1F6FF10600ED2E80 /* SyncInfo.h */,
				ED0FC0FB1F6FF10600ED2E80 /* SyncInfo.m */,
			);
			name = ManagedObjectModel;
			path = ../ManagedObjectModel;
			sourceTree = "<group>";
		};
/* End PBXGroup section */

/* Begin PBXNativeTarget section */
		ED0210941F6FC73100B97BC2 /* ContentfulSeedDatabase */ = {
			isa = PBXNativeTarget;
			buildConfigurationList = ED02109C1F6FC73100B97BC2 /* Build configuration list for PBXNativeTarget "ContentfulSeedDatabase" */;
			buildPhases = (
				868AB3FA7246205CA9F6275F /* [CP] Check Pods Manifest.lock */,
				ED0210911F6FC73100B97BC2 /* Sources */,
				ED0210921F6FC73100B97BC2 /* Frameworks */,
				ED0210931F6FC73100B97BC2 /* CopyFiles */,
				C282F938E663300A82456D0D /* [CP] Copy Pods Resources */,
			);
			buildRules = (
			);
			dependencies = (
			);
			name = ContentfulSeedDatabase;
			productName = ContentfulSeedDatabase;
			productReference = ED0210951F6FC73100B97BC2 /* ContentfulSeedDatabase */;
			productType = "com.apple.product-type.tool";
		};
/* End PBXNativeTarget section */

/* Begin PBXProject section */
		ED02108D1F6FC73100B97BC2 /* Project object */ = {
			isa = PBXProject;
			attributes = {
				LastUpgradeCheck = 0830;
				ORGANIZATIONNAME = Contentful;
				TargetAttributes = {
					ED0210941F6FC73100B97BC2 = {
						CreatedOnToolsVersion = 8.3.3;
						DevelopmentTeam = RWJ5E97L7R;
						ProvisioningStyle = Automatic;
					};
				};
			};
			buildConfigurationList = ED0210901F6FC73100B97BC2 /* Build configuration list for PBXProject "ContentfulSeedDatabase" */;
			compatibilityVersion = "Xcode 3.2";
			developmentRegion = English;
			hasScannedForEncodings = 0;
			knownRegions = (
				en,
			);
			mainGroup = ED02108C1F6FC73100B97BC2;
			productRefGroup = ED0210961F6FC73100B97BC2 /* Products */;
			projectDirPath = "";
			projectRoot = "";
			targets = (
				ED0210941F6FC73100B97BC2 /* ContentfulSeedDatabase */,
			);
		};
/* End PBXProject section */

/* Begin PBXShellScriptBuildPhase section */
		868AB3FA7246205CA9F6275F /* [CP] Check Pods Manifest.lock */ = {
			isa = PBXShellScriptBuildPhase;
			buildActionMask = 2147483647;
			files = (
			);
			inputPaths = (
				"${PODS_PODFILE_DIR_PATH}/Podfile.lock",
				"${PODS_ROOT}/Manifest.lock",
			);
			name = "[CP] Check Pods Manifest.lock";
			outputPaths = (
				"$(DERIVED_FILE_DIR)/Pods-ContentfulSeedDatabase-checkManifestLockResult.txt",
			);
			runOnlyForDeploymentPostprocessing = 0;
			shellPath = /bin/sh;
			shellScript = "diff \"${PODS_PODFILE_DIR_PATH}/Podfile.lock\" \"${PODS_ROOT}/Manifest.lock\" > /dev/null\nif [ $? != 0 ] ; then\n    # print error to STDERR\n    echo \"error: The sandbox is not in sync with the Podfile.lock. Run 'pod install' or update your CocoaPods installation.\" >&2\n    exit 1\nfi\n# This output is used by Xcode 'outputs' to avoid re-running this script phase.\necho \"SUCCESS\" > \"${SCRIPT_OUTPUT_FILE_0}\"\n";
			showEnvVarsInLog = 0;
		};
		C282F938E663300A82456D0D /* [CP] Copy Pods Resources */ = {
			isa = PBXShellScriptBuildPhase;
			buildActionMask = 2147483647;
			files = (
			);
			inputPaths = (
			);
			name = "[CP] Copy Pods Resources";
			outputPaths = (
			);
			runOnlyForDeploymentPostprocessing = 0;
			shellPath = /bin/sh;
			shellScript = "\"${SRCROOT}/Pods/Target Support Files/Pods-ContentfulSeedDatabase/Pods-ContentfulSeedDatabase-resources.sh\"\n";
			showEnvVarsInLog = 0;
		};
/* End PBXShellScriptBuildPhase section */

/* Begin PBXSourcesBuildPhase section */
		ED0210911F6FC73100B97BC2 /* Sources */ = {
			isa = PBXSourcesBuildPhase;
			buildActionMask = 2147483647;
			files = (
				ED0FC0FF1F6FF10600ED2E80 /* SyncInfo.m in Sources */,
				ED0FC0FD1F6FF10600ED2E80 /* Document.m in Sources */,
				ED0FC0FC1F6FF10600ED2E80 /* Asset.m in Sources */,
				ED0210991F6FC73100B97BC2 /* main.m in Sources */,
				ED0FC0FE1F6FF10600ED2E80 /* Doge.xcdatamodeld in Sources */,
				ED0FC13C1F7000B700ED2E80 /* CoreDataManager+SeedDB.m in Sources */,
			);
			runOnlyForDeploymentPostprocessing = 0;
		};
/* End PBXSourcesBuildPhase section */

/* Begin XCBuildConfiguration section */
		ED02109A1F6FC73100B97BC2 /* Debug */ = {
			isa = XCBuildConfiguration;
			buildSettings = {
				ALWAYS_SEARCH_USER_PATHS = NO;
				CLANG_ANALYZER_NONNULL = YES;
				CLANG_ANALYZER_NUMBER_OBJECT_CONVERSION = YES_AGGRESSIVE;
				CLANG_CXX_LANGUAGE_STANDARD = "gnu++0x";
				CLANG_CXX_LIBRARY = "libc++";
				CLANG_ENABLE_MODULES = YES;
				CLANG_ENABLE_OBJC_ARC = YES;
				CLANG_WARN_BOOL_CONVERSION = YES;
				CLANG_WARN_CONSTANT_CONVERSION = YES;
				CLANG_WARN_DIRECT_OBJC_ISA_USAGE = YES_ERROR;
				CLANG_WARN_DOCUMENTATION_COMMENTS = YES;
				CLANG_WARN_EMPTY_BODY = YES;
				CLANG_WARN_ENUM_CONVERSION = YES;
				CLANG_WARN_INFINITE_RECURSION = YES;
				CLANG_WARN_INT_CONVERSION = YES;
				CLANG_WARN_OBJC_ROOT_CLASS = YES_ERROR;
				CLANG_WARN_SUSPICIOUS_MOVE = YES;
				CLANG_WARN_UNREACHABLE_CODE = YES;
				CLANG_WARN__DUPLICATE_METHOD_MATCH = YES;
				CODE_SIGN_IDENTITY = "-";
				COPY_PHASE_STRIP = NO;
				DEBUG_INFORMATION_FORMAT = dwarf;
				ENABLE_STRICT_OBJC_MSGSEND = YES;
				ENABLE_TESTABILITY = YES;
				GCC_C_LANGUAGE_STANDARD = gnu99;
				GCC_DYNAMIC_NO_PIC = NO;
				GCC_NO_COMMON_BLOCKS = YES;
				GCC_OPTIMIZATION_LEVEL = 0;
				GCC_PREPROCESSOR_DEFINITIONS = (
					"DEBUG=1",
					"$(inherited)",
				);
				GCC_WARN_64_TO_32_BIT_CONVERSION = YES;
				GCC_WARN_ABOUT_RETURN_TYPE = YES_ERROR;
				GCC_WARN_UNDECLARED_SELECTOR = YES;
				GCC_WARN_UNINITIALIZED_AUTOS = YES_AGGRESSIVE;
				GCC_WARN_UNUSED_FUNCTION = YES;
				GCC_WARN_UNUSED_VARIABLE = YES;
				MACOSX_DEPLOYMENT_TARGET = 10.12;
				MTL_ENABLE_DEBUG_INFO = YES;
				ONLY_ACTIVE_ARCH = YES;
				SDKROOT = macosx;
			};
			name = Debug;
		};
		ED02109B1F6FC73100B97BC2 /* Release */ = {
			isa = XCBuildConfiguration;
			buildSettings = {
				ALWAYS_SEARCH_USER_PATHS = NO;
				CLANG_ANALYZER_NONNULL = YES;
				CLANG_ANALYZER_NUMBER_OBJECT_CONVERSION = YES_AGGRESSIVE;
				CLANG_CXX_LANGUAGE_STANDARD = "gnu++0x";
				CLANG_CXX_LIBRARY = "libc++";
				CLANG_ENABLE_MODULES = YES;
				CLANG_ENABLE_OBJC_ARC = YES;
				CLANG_WARN_BOOL_CONVERSION = YES;
				CLANG_WARN_CONSTANT_CONVERSION = YES;
				CLANG_WARN_DIRECT_OBJC_ISA_USAGE = YES_ERROR;
				CLANG_WARN_DOCUMENTATION_COMMENTS = YES;
				CLANG_WARN_EMPTY_BODY = YES;
				CLANG_WARN_ENUM_CONVERSION = YES;
				CLANG_WARN_INFINITE_RECURSION = YES;
				CLANG_WARN_INT_CONVERSION = YES;
				CLANG_WARN_OBJC_ROOT_CLASS = YES_ERROR;
				CLANG_WARN_SUSPICIOUS_MOVE = YES;
				CLANG_WARN_UNREACHABLE_CODE = YES;
				CLANG_WARN__DUPLICATE_METHOD_MATCH = YES;
				CODE_SIGN_IDENTITY = "-";
				COPY_PHASE_STRIP = NO;
				DEBUG_INFORMATION_FORMAT = "dwarf-with-dsym";
				ENABLE_NS_ASSERTIONS = NO;
				ENABLE_STRICT_OBJC_MSGSEND = YES;
				GCC_C_LANGUAGE_STANDARD = gnu99;
				GCC_NO_COMMON_BLOCKS = YES;
				GCC_WARN_64_TO_32_BIT_CONVERSION = YES;
				GCC_WARN_ABOUT_RETURN_TYPE = YES_ERROR;
				GCC_WARN_UNDECLARED_SELECTOR = YES;
				GCC_WARN_UNINITIALIZED_AUTOS = YES_AGGRESSIVE;
				GCC_WARN_UNUSED_FUNCTION = YES;
				GCC_WARN_UNUSED_VARIABLE = YES;
				MACOSX_DEPLOYMENT_TARGET = 10.12;
				MTL_ENABLE_DEBUG_INFO = NO;
				SDKROOT = macosx;
			};
			name = Release;
		};
		ED02109D1F6FC73100B97BC2 /* Debug */ = {
			isa = XCBuildConfiguration;
			baseConfigurationReference = 8AAD5537C3254F117AF57F76 /* Pods-ContentfulSeedDatabase.debug.xcconfig */;
			buildSettings = {
				DEVELOPMENT_TEAM = RWJ5E97L7R;
				PRODUCT_NAME = "$(TARGET_NAME)";
			};
			name = Debug;
		};
		ED02109E1F6FC73100B97BC2 /* Release */ = {
			isa = XCBuildConfiguration;
			baseConfigurationReference = 5E6ADF7BFD280555C50B1866 /* Pods-ContentfulSeedDatabase.release.xcconfig */;
			buildSettings = {
				DEVELOPMENT_TEAM = RWJ5E97L7R;
				PRODUCT_NAME = "$(TARGET_NAME)";
			};
			name = Release;
		};
/* End XCBuildConfiguration section */

/* Begin XCConfigurationList section */
		ED0210901F6FC73100B97BC2 /* Build configuration list for PBXProject "ContentfulSeedDatabase" */ = {
			isa = XCConfigurationList;
			buildConfigurations = (
				ED02109A1F6FC73100B97BC2 /* Debug */,
				ED02109B1F6FC73100B97BC2 /* Release */,
			);
			defaultConfigurationIsVisible = 0;
			defaultConfigurationName = Release;
		};
		ED02109C1F6FC73100B97BC2 /* Build configuration list for PBXNativeTarget "ContentfulSeedDatabase" */ = {
			isa = XCConfigurationList;
			buildConfigurations = (
				ED02109D1F6FC73100B97BC2 /* Debug */,
				ED02109E1F6FC73100B97BC2 /* Release */,
			);
			defaultConfigurationIsVisible = 0;
			defaultConfigurationName = Release;
		};
/* End XCConfigurationList section */

/* Begin XCVersionGroup section */
		ED0FC0F81F6FF10600ED2E80 /* Doge.xcdatamodeld */ = {
			isa = XCVersionGroup;
			children = (
				ED0FC0F91F6FF10600ED2E80 /* Doge.xcdatamodel */,
			);
			currentVersion = ED0FC0F91F6FF10600ED2E80 /* Doge.xcdatamodel */;
			path = Doge.xcdatamodeld;
			sourceTree = "<group>";
			versionGroupType = wrapper.xcdatamodel;
		};
/* End XCVersionGroup section */
	};
	rootObject = ED02108D1F6FC73100B97BC2 /* Project object */;
}
